
Microsoft Visual Studio Solution File, Format Version 12.00
# Visual Studio 15
VisualStudioVersion = 15.0.26124.0
MinimumVisualStudioVersion = 15.0.26124.0
Project("{2150E333-8FDC-42A3-9474-1A3956D46DE8}") = "1_API", "1_API", "{0FCE892E-E2B3-4D40-B803-E0FA68F45E79}"
EndProject
Project("{FAE04EC0-301F-11D3-BF4B-00C04F79EFBC}") = "TDA.WebApi", "1_API\TDA.WebApi\TDA.WebApi.csproj", "{C2513409-F0DF-4533-8052-C2AE92CD8033}"
EndProject
Project("{2150E333-8FDC-42A3-9474-1A3956D46DE8}") = "2_DOMAIN", "2_DOMAIN", "{562F7EA7-1302-4DA0-82AD-253263018574}"
EndProject
Project("{FAE04EC0-301F-11D3-BF4B-00C04F79EFBC}") = "TDA.Domain", "2_DOMAIN\TDA.Domain\TDA.Domain.csproj", "{CF25CCAD-4CC2-495F-AF35-FAB39984CD96}"
EndProject
Project("{2150E333-8FDC-42A3-9474-1A3956D46DE8}") = "3_INFRA", "3_INFRA", "{82964AD3-1CED-4462-9CAB-F67B7F9ACE09}"
EndProject
Project("{FAE04EC0-301F-11D3-BF4B-00C04F79EFBC}") = "TDA.Infra", "3_INFRA\TDA.Infra\TDA.Infra.csproj", "{5313F36A-E950-4D8A-9B13-61277860C819}"
EndProject
Project("{2150E333-8FDC-42A3-9474-1A3956D46DE8}") = "4_SHARED", "4_SHARED", "{5680C1BC-0A3D-4444-A1D0-5A2F25A34F57}"
EndProject
Project("{FAE04EC0-301F-11D3-BF4B-00C04F79EFBC}") = "TDA.Shared", "4_SHARED\TDA.Shared\TDA.Shared.csproj", "{EDD11C99-545A-4B9C-9ECA-1EC3B0C00A19}"
EndProject
Project("{2150E333-8FDC-42A3-9474-1A3956D46DE8}") = "5_TEST", "5_TEST", "{CADB8F2B-3E37-4CC0-B678-F88C3C0AE9EA}"
EndProject
Project("{FAE04EC0-301F-11D3-BF4B-00C04F79EFBC}") = "TDA.Test", "5_TEST\TDA.Test\TDA.Test.csproj", "{F576E66A-9823-4581-9B4D-E238C8CB783F}"
EndProject
Global
	GlobalSection(SolutionConfigurationPlatforms) = preSolution
		Debug|Any CPU = Debug|Any CPU
		Debug|x64 = Debug|x64
		Debug|x86 = Debug|x86
		Release|Any CPU = Release|Any CPU
		Release|x64 = Release|x64
		Release|x86 = Release|x86
	EndGlobalSection
	GlobalSection(SolutionProperties) = preSolution
		HideSolutionNode = FALSE
	EndGlobalSection
	GlobalSection(ProjectConfigurationPlatforms) = postSolution
		{C2513409-F0DF-4533-8052-C2AE92CD8033}.Debug|Any CPU.ActiveCfg = Debug|Any CPU
		{C2513409-F0DF-4533-8052-C2AE92CD8033}.Debug|Any CPU.Build.0 = Debug|Any CPU
		{C2513409-F0DF-4533-8052-C2AE92CD8033}.Debug|x64.ActiveCfg = Debug|Any CPU
		{C2513409-F0DF-4533-8052-C2AE92CD8033}.Debug|x64.Build.0 = Debug|Any CPU
		{C2513409-F0DF-4533-8052-C2AE92CD8033}.Debug|x86.ActiveCfg = Debug|Any CPU
		{C2513409-F0DF-4533-8052-C2AE92CD8033}.Debug|x86.Build.0 = Debug|Any CPU
		{C2513409-F0DF-4533-8052-C2AE92CD8033}.Release|Any CPU.ActiveCfg = Release|Any CPU
		{C2513409-F0DF-4533-8052-C2AE92CD8033}.Release|Any CPU.Build.0 = Release|Any CPU
		{C2513409-F0DF-4533-8052-C2AE92CD8033}.Release|x64.ActiveCfg = Release|Any CPU
		{C2513409-F0DF-4533-8052-C2AE92CD8033}.Release|x64.Build.0 = Release|Any CPU
		{C2513409-F0DF-4533-8052-C2AE92CD8033}.Release|x86.ActiveCfg = Release|Any CPU
		{C2513409-F0DF-4533-8052-C2AE92CD8033}.Release|x86.Build.0 = Release|Any CPU
		{CF25CCAD-4CC2-495F-AF35-FAB39984CD96}.Debug|Any CPU.ActiveCfg = Debug|Any CPU
		{CF25CCAD-4CC2-495F-AF35-FAB39984CD96}.Debug|Any CPU.Build.0 = Debug|Any CPU
		{CF25CCAD-4CC2-495F-AF35-FAB39984CD96}.Debug|x64.ActiveCfg = Debug|Any CPU
		{CF25CCAD-4CC2-495F-AF35-FAB39984CD96}.Debug|x64.Build.0 = Debug|Any CPU
		{CF25CCAD-4CC2-495F-AF35-FAB39984CD96}.Debug|x86.ActiveCfg = Debug|Any CPU
		{CF25CCAD-4CC2-495F-AF35-FAB39984CD96}.Debug|x86.Build.0 = Debug|Any CPU
		{CF25CCAD-4CC2-495F-AF35-FAB39984CD96}.Release|Any CPU.ActiveCfg = Release|Any CPU
		{CF25CCAD-4CC2-495F-AF35-FAB39984CD96}.Release|Any CPU.Build.0 = Release|Any CPU
		{CF25CCAD-4CC2-495F-AF35-FAB39984CD96}.Release|x64.ActiveCfg = Release|Any CPU
		{CF25CCAD-4CC2-495F-AF35-FAB39984CD96}.Release|x64.Build.0 = Release|Any CPU
		{CF25CCAD-4CC2-495F-AF35-FAB39984CD96}.Release|x86.ActiveCfg = Release|Any CPU
		{CF25CCAD-4CC2-495F-AF35-FAB39984CD96}.Release|x86.Build.0 = Release|Any CPU
		{5313F36A-E950-4D8A-9B13-61277860C819}.Debug|Any CPU.ActiveCfg = Debug|Any CPU
		{5313F36A-E950-4D8A-9B13-61277860C819}.Debug|Any CPU.Build.0 = Debug|Any CPU
		{5313F36A-E950-4D8A-9B13-61277860C819}.Debug|x64.ActiveCfg = Debug|Any CPU
		{5313F36A-E950-4D8A-9B13-61277860C819}.Debug|x64.Build.0 = Debug|Any CPU
		{5313F36A-E950-4D8A-9B13-61277860C819}.Debug|x86.ActiveCfg = Debug|Any CPU
		{5313F36A-E950-4D8A-9B13-61277860C819}.Debug|x86.Build.0 = Debug|Any CPU
		{5313F36A-E950-4D8A-9B13-61277860C819}.Release|Any CPU.ActiveCfg = Release|Any CPU
		{5313F36A-E950-4D8A-9B13-61277860C819}.Release|Any CPU.Build.0 = Release|Any CPU
		{5313F36A-E950-4D8A-9B13-61277860C819}.Release|x64.ActiveCfg = Release|Any CPU
		{5313F36A-E950-4D8A-9B13-61277860C819}.Release|x64.Build.0 = Release|Any CPU
		{5313F36A-E950-4D8A-9B13-61277860C819}.Release|x86.ActiveCfg = Release|Any CPU
		{5313F36A-E950-4D8A-9B13-61277860C819}.Release|x86.Build.0 = Release|Any CPU
		{EDD11C99-545A-4B9C-9ECA-1EC3B0C00A19}.Debug|Any CPU.ActiveCfg = Debug|Any CPU
		{EDD11C99-545A-4B9C-9ECA-1EC3B0C00A19}.Debug|Any CPU.Build.0 = Debug|Any CPU
		{EDD11C99-545A-4B9C-9ECA-1EC3B0C00A19}.Debug|x64.ActiveCfg = Debug|Any CPU
		{EDD11C99-545A-4B9C-9ECA-1EC3B0C00A19}.Debug|x64.Build.0 = Debug|Any CPU
		{EDD11C99-545A-4B9C-9ECA-1EC3B0C00A19}.Debug|x86.ActiveCfg = Debug|Any CPU
		{EDD11C99-545A-4B9C-9ECA-1EC3B0C00A19}.Debug|x86.Build.0 = Debug|Any CPU
		{EDD11C99-545A-4B9C-9ECA-1EC3B0C00A19}.Release|Any CPU.ActiveCfg = Release|Any CPU
		{EDD11C99-545A-4B9C-9ECA-1EC3B0C00A19}.Release|Any CPU.Build.0 = Release|Any CPU
		{EDD11C99-545A-4B9C-9ECA-1EC3B0C00A19}.Release|x64.ActiveCfg = Release|Any CPU
		{EDD11C99-545A-4B9C-9ECA-1EC3B0C00A19}.Release|x64.Build.0 = Release|Any CPU
		{EDD11C99-545A-4B9C-9ECA-1EC3B0C00A19}.Release|x86.ActiveCfg = Release|Any CPU
		{EDD11C99-545A-4B9C-9ECA-1EC3B0C00A19}.Release|x86.Build.0 = Release|Any CPU
		{F576E66A-9823-4581-9B4D-E238C8CB783F}.Debug|Any CPU.ActiveCfg = Debug|Any CPU
		{F576E66A-9823-4581-9B4D-E238C8CB783F}.Debug|Any CPU.Build.0 = Debug|Any CPU
		{F576E66A-9823-4581-9B4D-E238C8CB783F}.Debug|x64.ActiveCfg = Debug|Any CPU
		{F576E66A-9823-4581-9B4D-E238C8CB783F}.Debug|x64.Build.0 = Debug|Any CPU
		{F576E66A-9823-4581-9B4D-E238C8CB783F}.Debug|x86.ActiveCfg = Debug|Any CPU
		{F576E66A-9823-4581-9B4D-E238C8CB783F}.Debug|x86.Build.0 = Debug|Any CPU
		{F576E66A-9823-4581-9B4D-E238C8CB783F}.Release|Any CPU.ActiveCfg = Release|Any CPU
		{F576E66A-9823-4581-9B4D-E238C8CB783F}.Release|Any CPU.Build.0 = Release|Any CPU
		{F576E66A-9823-4581-9B4D-E238C8CB783F}.Release|x64.ActiveCfg = Release|Any CPU
		{F576E66A-9823-4581-9B4D-E238C8CB783F}.Release|x64.Build.0 = Release|Any CPU
		{F576E66A-9823-4581-9B4D-E238C8CB783F}.Release|x86.ActiveCfg = Release|Any CPU
		{F576E66A-9823-4581-9B4D-E238C8CB783F}.Release|x86.Build.0 = Release|Any CPU
	EndGlobalSection
	GlobalSection(NestedProjects) = preSolution
		{C2513409-F0DF-4533-8052-C2AE92CD8033} = {0FCE892E-E2B3-4D40-B803-E0FA68F45E79}
		{CF25CCAD-4CC2-495F-AF35-FAB39984CD96} = {562F7EA7-1302-4DA0-82AD-253263018574}
		{5313F36A-E950-4D8A-9B13-61277860C819} = {82964AD3-1CED-4462-9CAB-F67B7F9ACE09}
		{EDD11C99-545A-4B9C-9ECA-1EC3B0C00A19} = {5680C1BC-0A3D-4444-A1D0-5A2F25A34F57}
		{F576E66A-9823-4581-9B4D-E238C8CB783F} = {CADB8F2B-3E37-4CC0-B678-F88C3C0AE9EA}
	EndGlobalSection
EndGlobal
